
Microsoft Visual Studio Solution File, Format Version 10.00
# Visual Studio 2008
Project("{FAE04EC0-301F-11D3-BF4B-00C04F79EFBC}") = "Toastify", "Toastify\Toastify.csproj", "{CCC4A761-56D2-4188-807F-F7A547DFB031}"
EndProject
Global
	GlobalSection(SolutionConfigurationPlatforms) = preSolution
		Debug|Any CPU = Debug|Any CPU
		Release|Any CPU = Release|Any CPU
	EndGlobalSection
	GlobalSection(ProjectConfigurationPlatforms) = postSolution
		{CCC4A761-56D2-4188-807F-F7A547DFB031}.Debug|Any CPU.ActiveCfg = Debug|Any CPU
		{CCC4A761-56D2-4188-807F-F7A547DFB031}.Debug|Any CPU.Build.0 = Debug|Any CPU
		{CCC4A761-56D2-4188-807F-F7A547DFB031}.Release|Any CPU.ActiveCfg = Release|Any CPU
		{CCC4A761-56D2-4188-807F-F7A547DFB031}.Release|Any CPU.Build.0 = Release|Any CPU
	EndGlobalSection
	GlobalSection(SolutionProperties) = preSolution
		HideSolutionNode = FALSE
	EndGlobalSection
EndGlobal
