
Microsoft Visual Studio Solution File, Format Version 12.00
# Visual Studio 15
VisualStudioVersion = 15.0.26430.12
MinimumVisualStudioVersion = 10.0.40219.1
Project("{2150E333-8FDC-42A3-9474-1A3956D46DE8}") = "Plugin", "Plugin", "{64E51A59-02A2-4423-8DE1-F337D479E3B7}"
EndProject
Project("{2150E333-8FDC-42A3-9474-1A3956D46DE8}") = "Installation", "Installation", "{FCD4BE87-8354-47A1-85DE-709E35559000}"
	ProjectSection(SolutionItems) = preProject
		InstallationScript\DotNET.nsh = InstallationScript\DotNET.nsh
		InstallationScript\Install.nsi = InstallationScript\Install.nsi
	EndProjectSection
EndProject
Project("{FAE04EC0-301F-11D3-BF4B-00C04F79EFBC}") = "Toastify", "Toastify\Toastify.csproj", "{CCC4A761-56D2-4188-807F-F7A547DFB031}"
EndProject
Project("{FAE04EC0-301F-11D3-BF4B-00C04F79EFBC}") = "PluginBase", "PluginBase\PluginBase.csproj", "{4F92BE1F-A5CC-4604-9185-1F09DDAFC7B8}"
EndProject
Project("{FAE04EC0-301F-11D3-BF4B-00C04F79EFBC}") = "ExamplePlugin", "ExamplePlugin\ExamplePlugin.csproj", "{68F1A17D-4930-4EEC-AEEF-5DD9C9033B40}"
EndProject
Project("{FAE04EC0-301F-11D3-BF4B-00C04F79EFBC}") = "AutoHotkey.Interop", "AutoHotkey.Interop\AutoHotkey.Interop.csproj", "{2869DBFE-7762-4930-95EA-2B0C111CF353}"
EndProject
Global
	GlobalSection(SolutionConfigurationPlatforms) = preSolution
		Debug|Any CPU = Debug|Any CPU
		Debug|x64 = Debug|x64
		Release|Any CPU = Release|Any CPU
		Release|x64 = Release|x64
	EndGlobalSection
	GlobalSection(ProjectConfigurationPlatforms) = postSolution
		{CCC4A761-56D2-4188-807F-F7A547DFB031}.Debug|Any CPU.ActiveCfg = Debug|Any CPU
		{CCC4A761-56D2-4188-807F-F7A547DFB031}.Debug|Any CPU.Build.0 = Debug|Any CPU
		{CCC4A761-56D2-4188-807F-F7A547DFB031}.Debug|x64.ActiveCfg = Debug|x64
		{CCC4A761-56D2-4188-807F-F7A547DFB031}.Debug|x64.Build.0 = Debug|x64
		{CCC4A761-56D2-4188-807F-F7A547DFB031}.Release|Any CPU.ActiveCfg = Release|Any CPU
		{CCC4A761-56D2-4188-807F-F7A547DFB031}.Release|Any CPU.Build.0 = Release|Any CPU
		{CCC4A761-56D2-4188-807F-F7A547DFB031}.Release|x64.ActiveCfg = Release|x64
		{CCC4A761-56D2-4188-807F-F7A547DFB031}.Release|x64.Build.0 = Release|x64
		{4F92BE1F-A5CC-4604-9185-1F09DDAFC7B8}.Debug|Any CPU.ActiveCfg = Debug|Any CPU
		{4F92BE1F-A5CC-4604-9185-1F09DDAFC7B8}.Debug|Any CPU.Build.0 = Debug|Any CPU
		{4F92BE1F-A5CC-4604-9185-1F09DDAFC7B8}.Debug|x64.ActiveCfg = Debug|x64
		{4F92BE1F-A5CC-4604-9185-1F09DDAFC7B8}.Debug|x64.Build.0 = Debug|x64
		{4F92BE1F-A5CC-4604-9185-1F09DDAFC7B8}.Release|Any CPU.ActiveCfg = Release|Any CPU
		{4F92BE1F-A5CC-4604-9185-1F09DDAFC7B8}.Release|Any CPU.Build.0 = Release|Any CPU
		{4F92BE1F-A5CC-4604-9185-1F09DDAFC7B8}.Release|x64.ActiveCfg = Release|x64
		{4F92BE1F-A5CC-4604-9185-1F09DDAFC7B8}.Release|x64.Build.0 = Release|x64
		{68F1A17D-4930-4EEC-AEEF-5DD9C9033B40}.Debug|Any CPU.ActiveCfg = Debug|Any CPU
		{68F1A17D-4930-4EEC-AEEF-5DD9C9033B40}.Debug|Any CPU.Build.0 = Debug|Any CPU
		{68F1A17D-4930-4EEC-AEEF-5DD9C9033B40}.Debug|x64.ActiveCfg = Debug|x64
		{68F1A17D-4930-4EEC-AEEF-5DD9C9033B40}.Debug|x64.Build.0 = Debug|x64
		{68F1A17D-4930-4EEC-AEEF-5DD9C9033B40}.Release|Any CPU.ActiveCfg = Release|Any CPU
		{68F1A17D-4930-4EEC-AEEF-5DD9C9033B40}.Release|Any CPU.Build.0 = Release|Any CPU
		{68F1A17D-4930-4EEC-AEEF-5DD9C9033B40}.Release|x64.ActiveCfg = Release|x64
		{68F1A17D-4930-4EEC-AEEF-5DD9C9033B40}.Release|x64.Build.0 = Release|x64
		{2869DBFE-7762-4930-95EA-2B0C111CF353}.Debug|Any CPU.ActiveCfg = Debug|Any CPU
		{2869DBFE-7762-4930-95EA-2B0C111CF353}.Debug|Any CPU.Build.0 = Debug|Any CPU
		{2869DBFE-7762-4930-95EA-2B0C111CF353}.Debug|x64.ActiveCfg = Debug|x64
		{2869DBFE-7762-4930-95EA-2B0C111CF353}.Debug|x64.Build.0 = Debug|x64
		{2869DBFE-7762-4930-95EA-2B0C111CF353}.Release|Any CPU.ActiveCfg = Release|Any CPU
		{2869DBFE-7762-4930-95EA-2B0C111CF353}.Release|Any CPU.Build.0 = Release|Any CPU
		{2869DBFE-7762-4930-95EA-2B0C111CF353}.Release|x64.ActiveCfg = Release|x64
		{2869DBFE-7762-4930-95EA-2B0C111CF353}.Release|x64.Build.0 = Release|x64
	EndGlobalSection
	GlobalSection(SolutionProperties) = preSolution
		HideSolutionNode = FALSE
	EndGlobalSection
	GlobalSection(NestedProjects) = preSolution
		{4F92BE1F-A5CC-4604-9185-1F09DDAFC7B8} = {64E51A59-02A2-4423-8DE1-F337D479E3B7}
		{68F1A17D-4930-4EEC-AEEF-5DD9C9033B40} = {64E51A59-02A2-4423-8DE1-F337D479E3B7}
	EndGlobalSection
EndGlobal
