
Microsoft Visual Studio Solution File, Format Version 12.00
# Visual Studio Version 17
VisualStudioVersion = 17.0.31903.59
MinimumVisualStudioVersion = 10.0.40219.1
Project("{9A19103F-16F7-4668-BE54-9A1E7A4F7556}") = "HotkeyLib", "HotkeyLib\HotkeyLib.csproj", "{797D1D1C-0E98-4486-8588-AEBA4414899A}"
EndProject
Project("{9A19103F-16F7-4668-BE54-9A1E7A4F7556}") = "AudioAPI", "AudioAPI\AudioAPI.csproj", "{3D56E8DF-72E4-4CCD-9BE4-5C8772A0417B}"
EndProject
Project("{9A19103F-16F7-4668-BE54-9A1E7A4F7556}") = "VolumeControl.Core", "VolumeControl.Core\VolumeControl.Core.csproj", "{17B8DD24-9451-485A-B269-D2B9582859B9}"
EndProject
Project("{9A19103F-16F7-4668-BE54-9A1E7A4F7556}") = "VolumeControl.Core.Controls", "VolumeControl.Core.Controls\VolumeControl.Core.Controls.csproj", "{2E70B992-A5D9-4673-A4DC-9B551AEB98A7}"
EndProject
Project("{9A19103F-16F7-4668-BE54-9A1E7A4F7556}") = "VolumeControl", "VolumeControl\VolumeControl.csproj", "{2DAA7008-4C94-49B3-827E-33AD3FDE69DE}"
EndProject
Project("{9A19103F-16F7-4668-BE54-9A1E7A4F7556}") = "VolumeControl.CLI", "VolumeControl.CLI\VolumeControl.CLI.csproj", "{387E960C-C7BF-48AC-86E6-CB7046A11609}"
EndProject
Project("{9A19103F-16F7-4668-BE54-9A1E7A4F7556}") = "VolumeControl.Log", "VolumeControl.Log\VolumeControl.Log.csproj", "{7E3E035D-28B8-4212-838D-AA9FF73A3E60}"
EndProject
Project("{2150E333-8FDC-42A3-9474-1A3956D46DE8}") = "Libraries-APIs", "Libraries-APIs", "{5B4835BC-874A-4C31-A679-0F9CD3CE5A71}"
EndProject
Project("{FAE04EC0-301F-11D3-BF4B-00C04F79EFBC}") = "VolumeControl.Core.Tests", "VolumeControl.Core.Tests\VolumeControl.Core.Tests.csproj", "{14DD8BF9-2CC4-4576-8482-CAB40E428F8B}"
EndProject
Global
	GlobalSection(SolutionConfigurationPlatforms) = preSolution
		Debug|Any CPU = Debug|Any CPU
		Release|Any CPU = Release|Any CPU
	EndGlobalSection
	GlobalSection(ProjectConfigurationPlatforms) = postSolution
		{797D1D1C-0E98-4486-8588-AEBA4414899A}.Debug|Any CPU.ActiveCfg = Debug|Any CPU
		{797D1D1C-0E98-4486-8588-AEBA4414899A}.Debug|Any CPU.Build.0 = Debug|Any CPU
		{797D1D1C-0E98-4486-8588-AEBA4414899A}.Release|Any CPU.ActiveCfg = Release|Any CPU
		{797D1D1C-0E98-4486-8588-AEBA4414899A}.Release|Any CPU.Build.0 = Release|Any CPU
		{3D56E8DF-72E4-4CCD-9BE4-5C8772A0417B}.Debug|Any CPU.ActiveCfg = Debug|Any CPU
		{3D56E8DF-72E4-4CCD-9BE4-5C8772A0417B}.Debug|Any CPU.Build.0 = Debug|Any CPU
		{3D56E8DF-72E4-4CCD-9BE4-5C8772A0417B}.Release|Any CPU.ActiveCfg = Release|Any CPU
		{3D56E8DF-72E4-4CCD-9BE4-5C8772A0417B}.Release|Any CPU.Build.0 = Release|Any CPU
		{17B8DD24-9451-485A-B269-D2B9582859B9}.Debug|Any CPU.ActiveCfg = Debug|Any CPU
		{17B8DD24-9451-485A-B269-D2B9582859B9}.Debug|Any CPU.Build.0 = Debug|Any CPU
		{17B8DD24-9451-485A-B269-D2B9582859B9}.Release|Any CPU.ActiveCfg = Release|Any CPU
		{17B8DD24-9451-485A-B269-D2B9582859B9}.Release|Any CPU.Build.0 = Release|Any CPU
		{2E70B992-A5D9-4673-A4DC-9B551AEB98A7}.Debug|Any CPU.ActiveCfg = Debug|Any CPU
		{2E70B992-A5D9-4673-A4DC-9B551AEB98A7}.Debug|Any CPU.Build.0 = Debug|Any CPU
		{2E70B992-A5D9-4673-A4DC-9B551AEB98A7}.Release|Any CPU.ActiveCfg = Release|Any CPU
		{2E70B992-A5D9-4673-A4DC-9B551AEB98A7}.Release|Any CPU.Build.0 = Release|Any CPU
		{2DAA7008-4C94-49B3-827E-33AD3FDE69DE}.Debug|Any CPU.ActiveCfg = Debug|Any CPU
		{2DAA7008-4C94-49B3-827E-33AD3FDE69DE}.Debug|Any CPU.Build.0 = Debug|Any CPU
		{2DAA7008-4C94-49B3-827E-33AD3FDE69DE}.Release|Any CPU.ActiveCfg = Release|Any CPU
		{2DAA7008-4C94-49B3-827E-33AD3FDE69DE}.Release|Any CPU.Build.0 = Release|Any CPU
		{387E960C-C7BF-48AC-86E6-CB7046A11609}.Debug|Any CPU.ActiveCfg = Debug|Any CPU
		{387E960C-C7BF-48AC-86E6-CB7046A11609}.Debug|Any CPU.Build.0 = Debug|Any CPU
		{387E960C-C7BF-48AC-86E6-CB7046A11609}.Release|Any CPU.ActiveCfg = Release|Any CPU
		{387E960C-C7BF-48AC-86E6-CB7046A11609}.Release|Any CPU.Build.0 = Release|Any CPU
		{7E3E035D-28B8-4212-838D-AA9FF73A3E60}.Debug|Any CPU.ActiveCfg = Debug|Any CPU
		{7E3E035D-28B8-4212-838D-AA9FF73A3E60}.Debug|Any CPU.Build.0 = Debug|Any CPU
		{7E3E035D-28B8-4212-838D-AA9FF73A3E60}.Release|Any CPU.ActiveCfg = Release|Any CPU
		{7E3E035D-28B8-4212-838D-AA9FF73A3E60}.Release|Any CPU.Build.0 = Release|Any CPU
		{14DD8BF9-2CC4-4576-8482-CAB40E428F8B}.Debug|Any CPU.ActiveCfg = Debug|Any CPU
		{14DD8BF9-2CC4-4576-8482-CAB40E428F8B}.Debug|Any CPU.Build.0 = Debug|Any CPU
		{14DD8BF9-2CC4-4576-8482-CAB40E428F8B}.Release|Any CPU.ActiveCfg = Release|Any CPU
		{14DD8BF9-2CC4-4576-8482-CAB40E428F8B}.Release|Any CPU.Build.0 = Release|Any CPU
	EndGlobalSection
	GlobalSection(SolutionProperties) = preSolution
		HideSolutionNode = FALSE
	EndGlobalSection
	GlobalSection(NestedProjects) = preSolution
		{797D1D1C-0E98-4486-8588-AEBA4414899A} = {5B4835BC-874A-4C31-A679-0F9CD3CE5A71}
		{3D56E8DF-72E4-4CCD-9BE4-5C8772A0417B} = {5B4835BC-874A-4C31-A679-0F9CD3CE5A71}
	EndGlobalSection
	GlobalSection(ExtensibilityGlobals) = postSolution
		SolutionGuid = {A5A019F3-AF20-43E2-890B-FA637ECCD06E}
	EndGlobalSection
EndGlobal
