
Microsoft Visual Studio Solution File, Format Version 12.00
# Visual Studio Version 17
VisualStudioVersion = 17.0.31903.59
MinimumVisualStudioVersion = 10.0.40219.1
Project("{9A19103F-16F7-4668-BE54-9A1E7A4F7556}") = "VolumeControl.Log", "VolumeControl.Log\VolumeControl.Log.csproj", "{56353392-A5F9-44C8-950D-886A1F284397}"
EndProject
Project("{2150E333-8FDC-42A3-9474-1A3956D46DE8}") = "API;Utils", "API;Utils", "{FDB479EE-7FDD-4A76-9BA0-E464DA42B94B}"
EndProject
Project("{9A19103F-16F7-4668-BE54-9A1E7A4F7556}") = "VolumeControl", "VolumeControl\VolumeControl.csproj", "{EA71382B-1E9F-4E18-92A9-933DE01B1025}"
EndProject
Project("{9A19103F-16F7-4668-BE54-9A1E7A4F7556}") = "VolumeControl.WPF", "VolumeControl.WPF\VolumeControl.WPF.csproj", "{69A59FC1-1378-45CB-B001-5781D3E8D8D6}"
EndProject
Project("{2150E333-8FDC-42A3-9474-1A3956D46DE8}") = "SolutionFiles", "SolutionFiles", "{0FC57F73-5E25-404B-9E86-8EDA0E96F2BC}"
	ProjectSection(SolutionItems) = preProject
		global.json = global.json
		SetVersion.ps1 = SetVersion.ps1
	EndProjectSection
EndProject
Project("{2150E333-8FDC-42A3-9474-1A3956D46DE8}") = "GithubActions", "GithubActions", "{FFC976AB-3F90-4DCD-B389-78DC9A459464}"
	ProjectSection(SolutionItems) = preProject
		.github\workflows\Format-Code.yml = .github\workflows\Format-Code.yml
		.github\workflows\GenerateRelease-csharp.yml = .github\workflows\GenerateRelease-csharp.yml
		.github\workflows\Run-Unit-Tests.yml = .github\workflows\Run-Unit-Tests.yml
		.github\workflows\update-documentation.yml = .github\workflows\update-documentation.yml
		.github\workflows\UpdateVersion.yml = .github\workflows\UpdateVersion.yml
	EndProjectSection
EndProject
Project("{9A19103F-16F7-4668-BE54-9A1E7A4F7556}") = "VolumeControl.Audio", "VolumeControl.Audio\VolumeControl.Audio.csproj", "{A2353F74-54F6-4F28-AEB0-7BD75E299522}"
EndProject
Project("{9A19103F-16F7-4668-BE54-9A1E7A4F7556}") = "VolumeControl.Hotkeys", "VolumeControl.Hotkeys\VolumeControl.Hotkeys.csproj", "{4D1B1380-EFB7-402E-B940-99350E9718AB}"
EndProject
Project("{9A19103F-16F7-4668-BE54-9A1E7A4F7556}") = "VolumeControl.Hotkeys.Addons", "VolumeControl.Hotkeys.Addons\VolumeControl.Hotkeys.Addons.csproj", "{CE689E08-FE2D-4314-B287-420248A1BBC7}"
EndProject
Project("{9A19103F-16F7-4668-BE54-9A1E7A4F7556}") = "VolumeControl.Core", "VolumeControl.Core\VolumeControl.Core.csproj", "{116DECA2-D41D-4D6E-83AD-3D33AA8EFD54}"
EndProject
Project("{9A19103F-16F7-4668-BE54-9A1E7A4F7556}") = "VolumeControl.UnitTests", "VolumeControl.UnitTests\VolumeControl.UnitTests.csproj", "{43DBEEA7-0175-4E40-B161-69A435E59CE8}"
EndProject
Project("{9A19103F-16F7-4668-BE54-9A1E7A4F7556}") = "VolumeControl.TypeExtensions", "VolumeControl.TypeExtensions\VolumeControl.TypeExtensions.csproj", "{ACF596C4-8598-47AA-A182-5F2253AF885B}"
EndProject
Project("{9A19103F-16F7-4668-BE54-9A1E7A4F7556}") = "AppConfig", "AppConfig\AppConfig.csproj", "{A5AE4864-D363-4B07-B11F-7D2E1B81889A}"
EndProject
Project("{9A19103F-16F7-4668-BE54-9A1E7A4F7556}") = "VolumeControl.SDK", "VolumeControl.SDK\VolumeControl.SDK.csproj", "{01B6AD99-4247-461B-8163-B9867BAD076D}"
EndProject
Project("{9A19103F-16F7-4668-BE54-9A1E7A4F7556}") = "TestLangLocalizationGenerator", "TestLangLocalizationGenerator\TestLangLocalizationGenerator.csproj", "{E9F7BE63-48B7-4EF4-9563-E6701D770141}"
EndProject
Global
	GlobalSection(SolutionConfigurationPlatforms) = preSolution
		Debug|Any CPU = Debug|Any CPU
		Release|Any CPU = Release|Any CPU
		TestLangLocalizationGenerator|Any CPU = TestLangLocalizationGenerator|Any CPU
	EndGlobalSection
	GlobalSection(ProjectConfigurationPlatforms) = postSolution
		{56353392-A5F9-44C8-950D-886A1F284397}.Debug|Any CPU.ActiveCfg = Debug|Any CPU
		{56353392-A5F9-44C8-950D-886A1F284397}.Debug|Any CPU.Build.0 = Debug|Any CPU
		{56353392-A5F9-44C8-950D-886A1F284397}.Release|Any CPU.ActiveCfg = Release|Any CPU
		{56353392-A5F9-44C8-950D-886A1F284397}.Release|Any CPU.Build.0 = Release|Any CPU
		{56353392-A5F9-44C8-950D-886A1F284397}.TestLangLocalizationGenerator|Any CPU.ActiveCfg = Debug|Any CPU
		{EA71382B-1E9F-4E18-92A9-933DE01B1025}.Debug|Any CPU.ActiveCfg = Debug|Any CPU
		{EA71382B-1E9F-4E18-92A9-933DE01B1025}.Debug|Any CPU.Build.0 = Debug|Any CPU
		{EA71382B-1E9F-4E18-92A9-933DE01B1025}.Release|Any CPU.ActiveCfg = Release|Any CPU
		{EA71382B-1E9F-4E18-92A9-933DE01B1025}.Release|Any CPU.Build.0 = Release|Any CPU
		{EA71382B-1E9F-4E18-92A9-933DE01B1025}.TestLangLocalizationGenerator|Any CPU.ActiveCfg = Debug|Any CPU
		{69A59FC1-1378-45CB-B001-5781D3E8D8D6}.Debug|Any CPU.ActiveCfg = Debug|Any CPU
		{69A59FC1-1378-45CB-B001-5781D3E8D8D6}.Debug|Any CPU.Build.0 = Debug|Any CPU
		{69A59FC1-1378-45CB-B001-5781D3E8D8D6}.Release|Any CPU.ActiveCfg = Release|Any CPU
		{69A59FC1-1378-45CB-B001-5781D3E8D8D6}.Release|Any CPU.Build.0 = Release|Any CPU
		{69A59FC1-1378-45CB-B001-5781D3E8D8D6}.TestLangLocalizationGenerator|Any CPU.ActiveCfg = Debug|Any CPU
		{A2353F74-54F6-4F28-AEB0-7BD75E299522}.Debug|Any CPU.ActiveCfg = Debug|Any CPU
		{A2353F74-54F6-4F28-AEB0-7BD75E299522}.Debug|Any CPU.Build.0 = Debug|Any CPU
		{A2353F74-54F6-4F28-AEB0-7BD75E299522}.Release|Any CPU.ActiveCfg = Release|Any CPU
		{A2353F74-54F6-4F28-AEB0-7BD75E299522}.Release|Any CPU.Build.0 = Release|Any CPU
		{A2353F74-54F6-4F28-AEB0-7BD75E299522}.TestLangLocalizationGenerator|Any CPU.ActiveCfg = Debug|Any CPU
		{4D1B1380-EFB7-402E-B940-99350E9718AB}.Debug|Any CPU.ActiveCfg = Debug|Any CPU
		{4D1B1380-EFB7-402E-B940-99350E9718AB}.Debug|Any CPU.Build.0 = Debug|Any CPU
		{4D1B1380-EFB7-402E-B940-99350E9718AB}.Release|Any CPU.ActiveCfg = Release|Any CPU
		{4D1B1380-EFB7-402E-B940-99350E9718AB}.Release|Any CPU.Build.0 = Release|Any CPU
		{4D1B1380-EFB7-402E-B940-99350E9718AB}.TestLangLocalizationGenerator|Any CPU.ActiveCfg = Debug|Any CPU
		{CE689E08-FE2D-4314-B287-420248A1BBC7}.Debug|Any CPU.ActiveCfg = Debug|Any CPU
		{CE689E08-FE2D-4314-B287-420248A1BBC7}.Debug|Any CPU.Build.0 = Debug|Any CPU
		{CE689E08-FE2D-4314-B287-420248A1BBC7}.Release|Any CPU.ActiveCfg = Release|Any CPU
		{CE689E08-FE2D-4314-B287-420248A1BBC7}.Release|Any CPU.Build.0 = Release|Any CPU
		{CE689E08-FE2D-4314-B287-420248A1BBC7}.TestLangLocalizationGenerator|Any CPU.ActiveCfg = Debug|Any CPU
		{116DECA2-D41D-4D6E-83AD-3D33AA8EFD54}.Debug|Any CPU.ActiveCfg = Debug|Any CPU
		{116DECA2-D41D-4D6E-83AD-3D33AA8EFD54}.Debug|Any CPU.Build.0 = Debug|Any CPU
		{116DECA2-D41D-4D6E-83AD-3D33AA8EFD54}.Release|Any CPU.ActiveCfg = Release|Any CPU
		{116DECA2-D41D-4D6E-83AD-3D33AA8EFD54}.Release|Any CPU.Build.0 = Release|Any CPU
		{116DECA2-D41D-4D6E-83AD-3D33AA8EFD54}.TestLangLocalizationGenerator|Any CPU.ActiveCfg = Debug|Any CPU
		{43DBEEA7-0175-4E40-B161-69A435E59CE8}.Debug|Any CPU.ActiveCfg = Debug|Any CPU
		{43DBEEA7-0175-4E40-B161-69A435E59CE8}.Debug|Any CPU.Build.0 = Debug|Any CPU
		{43DBEEA7-0175-4E40-B161-69A435E59CE8}.Release|Any CPU.ActiveCfg = Release|Any CPU
		{43DBEEA7-0175-4E40-B161-69A435E59CE8}.Release|Any CPU.Build.0 = Release|Any CPU
		{43DBEEA7-0175-4E40-B161-69A435E59CE8}.TestLangLocalizationGenerator|Any CPU.ActiveCfg = Debug|Any CPU
		{43DBEEA7-0175-4E40-B161-69A435E59CE8}.TestLangLocalizationGenerator|Any CPU.Build.0 = Debug|Any CPU
		{ACF596C4-8598-47AA-A182-5F2253AF885B}.Debug|Any CPU.ActiveCfg = Debug|Any CPU
		{ACF596C4-8598-47AA-A182-5F2253AF885B}.Debug|Any CPU.Build.0 = Debug|Any CPU
		{ACF596C4-8598-47AA-A182-5F2253AF885B}.Release|Any CPU.ActiveCfg = Release|Any CPU
		{ACF596C4-8598-47AA-A182-5F2253AF885B}.Release|Any CPU.Build.0 = Release|Any CPU
		{ACF596C4-8598-47AA-A182-5F2253AF885B}.TestLangLocalizationGenerator|Any CPU.ActiveCfg = Debug|Any CPU
		{A5AE4864-D363-4B07-B11F-7D2E1B81889A}.Debug|Any CPU.ActiveCfg = Debug|Any CPU
		{A5AE4864-D363-4B07-B11F-7D2E1B81889A}.Debug|Any CPU.Build.0 = Debug|Any CPU
		{A5AE4864-D363-4B07-B11F-7D2E1B81889A}.Release|Any CPU.ActiveCfg = Release|Any CPU
		{A5AE4864-D363-4B07-B11F-7D2E1B81889A}.Release|Any CPU.Build.0 = Release|Any CPU
		{A5AE4864-D363-4B07-B11F-7D2E1B81889A}.TestLangLocalizationGenerator|Any CPU.ActiveCfg = Debug|Any CPU
		{01B6AD99-4247-461B-8163-B9867BAD076D}.Debug|Any CPU.ActiveCfg = Debug|Any CPU
		{01B6AD99-4247-461B-8163-B9867BAD076D}.Debug|Any CPU.Build.0 = Debug|Any CPU
		{01B6AD99-4247-461B-8163-B9867BAD076D}.Release|Any CPU.ActiveCfg = Release|Any CPU
		{01B6AD99-4247-461B-8163-B9867BAD076D}.Release|Any CPU.Build.0 = Release|Any CPU
		{01B6AD99-4247-461B-8163-B9867BAD076D}.TestLangLocalizationGenerator|Any CPU.ActiveCfg = Debug|Any CPU
		{E9F7BE63-48B7-4EF4-9563-E6701D770141}.Debug|Any CPU.ActiveCfg = Debug|Any CPU
		{E9F7BE63-48B7-4EF4-9563-E6701D770141}.Release|Any CPU.ActiveCfg = Release|Any CPU
		{E9F7BE63-48B7-4EF4-9563-E6701D770141}.TestLangLocalizationGenerator|Any CPU.ActiveCfg = Debug|Any CPU
		{E9F7BE63-48B7-4EF4-9563-E6701D770141}.TestLangLocalizationGenerator|Any CPU.Build.0 = Debug|Any CPU
	EndGlobalSection
	GlobalSection(SolutionProperties) = preSolution
		HideSolutionNode = FALSE
	EndGlobalSection
	GlobalSection(NestedProjects) = preSolution
		{FFC976AB-3F90-4DCD-B389-78DC9A459464} = {0FC57F73-5E25-404B-9E86-8EDA0E96F2BC}
		{A5AE4864-D363-4B07-B11F-7D2E1B81889A} = {FDB479EE-7FDD-4A76-9BA0-E464DA42B94B}
		{E9F7BE63-48B7-4EF4-9563-E6701D770141} = {FDB479EE-7FDD-4A76-9BA0-E464DA42B94B}
	EndGlobalSection
	GlobalSection(ExtensibilityGlobals) = postSolution
		SolutionGuid = {CCCF30EB-5FD3-4483-A469-50F52081CFE1}
	EndGlobalSection
EndGlobal
