
Microsoft Visual Studio Solution File, Format Version 12.00
# Visual Studio Version 17
VisualStudioVersion = 17.0.32112.339
MinimumVisualStudioVersion = 10.0.40219.1
Project("{9A19103F-16F7-4668-BE54-9A1E7A4F7556}") = "VolumeControl", "VolumeControl\VolumeControl.csproj", "{2455A8CB-1BAA-479C-8CDA-4023F594B4ED}"
EndProject
Project("{9A19103F-16F7-4668-BE54-9A1E7A4F7556}") = "AudioAPI", "AudioAPI\AudioAPI.csproj", "{1824AC8B-39F7-4FED-A39C-CC96507C66AD}"
EndProject
Project("{9A19103F-16F7-4668-BE54-9A1E7A4F7556}") = "VolumeControlCLI", "VolumeControlCLI\VolumeControlCLI.csproj", "{63A334C5-21EB-4151-AC9C-9E4DE751F551}"
EndProject
Project("{9A19103F-16F7-4668-BE54-9A1E7A4F7556}") = "HotkeyLib", "HotkeyLib\HotkeyLib.csproj", "{A7E9F1E5-C19A-43FD-83AA-D9B86E39B2CA}"
EndProject
Project("{9A19103F-16F7-4668-BE54-9A1E7A4F7556}") = "UIComposites", "UIComposites\UIComposites.csproj", "{59144427-4287-4551-A6B0-E610C1420ECE}"
EndProject
Global
	GlobalSection(SolutionConfigurationPlatforms) = preSolution
		Debug|Any CPU = Debug|Any CPU
		Debug|x86 = Debug|x86
		Release|Any CPU = Release|Any CPU
		Release|x86 = Release|x86
	EndGlobalSection
	GlobalSection(ProjectConfigurationPlatforms) = postSolution
		{2455A8CB-1BAA-479C-8CDA-4023F594B4ED}.Debug|Any CPU.ActiveCfg = Debug|Any CPU
		{2455A8CB-1BAA-479C-8CDA-4023F594B4ED}.Debug|Any CPU.Build.0 = Debug|Any CPU
		{2455A8CB-1BAA-479C-8CDA-4023F594B4ED}.Debug|x86.ActiveCfg = Debug|Any CPU
		{2455A8CB-1BAA-479C-8CDA-4023F594B4ED}.Debug|x86.Build.0 = Debug|Any CPU
		{2455A8CB-1BAA-479C-8CDA-4023F594B4ED}.Release|Any CPU.ActiveCfg = Release|Any CPU
		{2455A8CB-1BAA-479C-8CDA-4023F594B4ED}.Release|Any CPU.Build.0 = Release|Any CPU
		{2455A8CB-1BAA-479C-8CDA-4023F594B4ED}.Release|x86.ActiveCfg = Release|Any CPU
		{2455A8CB-1BAA-479C-8CDA-4023F594B4ED}.Release|x86.Build.0 = Release|Any CPU
		{1824AC8B-39F7-4FED-A39C-CC96507C66AD}.Debug|Any CPU.ActiveCfg = Debug|Any CPU
		{1824AC8B-39F7-4FED-A39C-CC96507C66AD}.Debug|Any CPU.Build.0 = Debug|Any CPU
		{1824AC8B-39F7-4FED-A39C-CC96507C66AD}.Debug|x86.ActiveCfg = Debug|Any CPU
		{1824AC8B-39F7-4FED-A39C-CC96507C66AD}.Debug|x86.Build.0 = Debug|Any CPU
		{1824AC8B-39F7-4FED-A39C-CC96507C66AD}.Release|Any CPU.ActiveCfg = Release|Any CPU
		{1824AC8B-39F7-4FED-A39C-CC96507C66AD}.Release|Any CPU.Build.0 = Release|Any CPU
		{1824AC8B-39F7-4FED-A39C-CC96507C66AD}.Release|x86.ActiveCfg = Release|Any CPU
		{1824AC8B-39F7-4FED-A39C-CC96507C66AD}.Release|x86.Build.0 = Release|Any CPU
		{63A334C5-21EB-4151-AC9C-9E4DE751F551}.Debug|Any CPU.ActiveCfg = Debug|Any CPU
		{63A334C5-21EB-4151-AC9C-9E4DE751F551}.Debug|Any CPU.Build.0 = Debug|Any CPU
		{63A334C5-21EB-4151-AC9C-9E4DE751F551}.Debug|x86.ActiveCfg = Debug|Any CPU
		{63A334C5-21EB-4151-AC9C-9E4DE751F551}.Debug|x86.Build.0 = Debug|Any CPU
		{63A334C5-21EB-4151-AC9C-9E4DE751F551}.Release|Any CPU.ActiveCfg = Release|Any CPU
		{63A334C5-21EB-4151-AC9C-9E4DE751F551}.Release|Any CPU.Build.0 = Release|Any CPU
		{63A334C5-21EB-4151-AC9C-9E4DE751F551}.Release|x86.ActiveCfg = Release|Any CPU
		{63A334C5-21EB-4151-AC9C-9E4DE751F551}.Release|x86.Build.0 = Release|Any CPU
		{A7E9F1E5-C19A-43FD-83AA-D9B86E39B2CA}.Debug|Any CPU.ActiveCfg = Debug|Any CPU
		{A7E9F1E5-C19A-43FD-83AA-D9B86E39B2CA}.Debug|Any CPU.Build.0 = Debug|Any CPU
		{A7E9F1E5-C19A-43FD-83AA-D9B86E39B2CA}.Debug|x86.ActiveCfg = Debug|Any CPU
		{A7E9F1E5-C19A-43FD-83AA-D9B86E39B2CA}.Debug|x86.Build.0 = Debug|Any CPU
		{A7E9F1E5-C19A-43FD-83AA-D9B86E39B2CA}.Release|Any CPU.ActiveCfg = Release|Any CPU
		{A7E9F1E5-C19A-43FD-83AA-D9B86E39B2CA}.Release|Any CPU.Build.0 = Release|Any CPU
		{A7E9F1E5-C19A-43FD-83AA-D9B86E39B2CA}.Release|x86.ActiveCfg = Release|Any CPU
		{A7E9F1E5-C19A-43FD-83AA-D9B86E39B2CA}.Release|x86.Build.0 = Release|Any CPU
		{59144427-4287-4551-A6B0-E610C1420ECE}.Debug|Any CPU.ActiveCfg = Debug|Any CPU
		{59144427-4287-4551-A6B0-E610C1420ECE}.Debug|Any CPU.Build.0 = Debug|Any CPU
		{59144427-4287-4551-A6B0-E610C1420ECE}.Debug|x86.ActiveCfg = Debug|Any CPU
		{59144427-4287-4551-A6B0-E610C1420ECE}.Debug|x86.Build.0 = Debug|Any CPU
		{59144427-4287-4551-A6B0-E610C1420ECE}.Release|Any CPU.ActiveCfg = Release|Any CPU
		{59144427-4287-4551-A6B0-E610C1420ECE}.Release|Any CPU.Build.0 = Release|Any CPU
		{59144427-4287-4551-A6B0-E610C1420ECE}.Release|x86.ActiveCfg = Release|Any CPU
		{59144427-4287-4551-A6B0-E610C1420ECE}.Release|x86.Build.0 = Release|Any CPU
	EndGlobalSection
	GlobalSection(SolutionProperties) = preSolution
		HideSolutionNode = FALSE
	EndGlobalSection
	GlobalSection(ExtensibilityGlobals) = postSolution
		SolutionGuid = {F0E227F0-6E21-47C5-8212-57778E64ED6B}
	EndGlobalSection
EndGlobal
